
Microsoft Visual Studio Solution File, Format Version 12.00
# Visual Studio 15
VisualStudioVersion = 15.0.28307.168
MinimumVisualStudioVersion = 10.0.40219.1
Project("{8BC9CEB8-8B4A-11D0-8D11-00A0C91BC942}") = "Bouncy", "Bouncy\Bouncy.vcxproj", "{F64419F4-7077-4E8E-86AE-29734ABB56DC}"
EndProject
Global
	GlobalSection(SolutionConfigurationPlatforms) = preSolution
		Debug|x64 = Debug|x64
		Debug|x86 = Debug|x86
		Release|x64 = Release|x64
		Release|x86 = Release|x86
	EndGlobalSection
	GlobalSection(ProjectConfigurationPlatforms) = postSolution
		{F64419F4-7077-4E8E-86AE-29734ABB56DC}.Debug|x64.ActiveCfg = Debug|x64
		{F64419F4-7077-4E8E-86AE-29734ABB56DC}.Debug|x64.Build.0 = Debug|x64
		{F64419F4-7077-4E8E-86AE-29734ABB56DC}.Debug|x86.ActiveCfg = Debug|Win32
		{F64419F4-7077-4E8E-86AE-29734ABB56DC}.Debug|x86.Build.0 = Debug|Win32
		{F64419F4-7077-4E8E-86AE-29734ABB56DC}.Release|x64.ActiveCfg = Release|x64
		{F64419F4-7077-4E8E-86AE-29734ABB56DC}.Release|x64.Build.0 = Release|x64
		{F64419F4-7077-4E8E-86AE-29734ABB56DC}.Release|x86.ActiveCfg = Release|Win32
		{F64419F4-7077-4E8E-86AE-29734ABB56DC}.Release|x86.Build.0 = Release|Win32
	EndGlobalSection
	GlobalSection(SolutionProperties) = preSolution
		HideSolutionNode = FALSE
	EndGlobalSection
	GlobalSection(ExtensibilityGlobals) = postSolution
		SolutionGuid = {40CA6B79-AE9F-448C-83C4-F5FBC109BE5F}
	EndGlobalSection
EndGlobal
